// !$*UTF8*$!
{
	archiveVersion = 1;
	classes = {
	};
	objectVersion = 46;
	objects = {

/* Begin PBXBuildFile section */
		490CF9601B52A7C700C2AA13 /* AboutBackground-736h@3x.png in Resources */ = {isa = PBXBuildFile; fileRef = 490CF95E1B52A7C700C2AA13 /* AboutBackground-736h@3x.png */; };
		490CF9611B52A7C700C2AA13 /* LoginBackground-736h@3x.png in Resources */ = {isa = PBXBuildFile; fileRef = 490CF95F1B52A7C700C2AA13 /* LoginBackground-736h@3x.png */; };
		490F6F241B2C303E004A7E41 /* SubcategoryCell.swift in Sources */ = {isa = PBXBuildFile; fileRef = 490F6F231B2C303E004A7E41 /* SubcategoryCell.swift */; };
		491094CF1B0D19C100B07016 /* LoginViewController.swift in Sources */ = {isa = PBXBuildFile; fileRef = 491094CE1B0D19C100B07016 /* LoginViewController.swift */; };
		491094D11B0D1BA300B07016 /* QuestionViewController.swift in Sources */ = {isa = PBXBuildFile; fileRef = 491094D01B0D1BA300B07016 /* QuestionViewController.swift */; };
		491094D31B0D1DDC00B07016 /* TutorialViewController.swift in Sources */ = {isa = PBXBuildFile; fileRef = 491094D21B0D1DDC00B07016 /* TutorialViewController.swift */; };
		4953B28E1BA86E6C00773D43 /* FBSDKCoreKit.framework in Frameworks */ = {isa = PBXBuildFile; fileRef = 4953B28C1BA86E6C00773D43 /* FBSDKCoreKit.framework */; };
		4953B28F1BA86E6C00773D43 /* FBSDKLoginKit.framework in Frameworks */ = {isa = PBXBuildFile; fileRef = 4953B28D1BA86E6C00773D43 /* FBSDKLoginKit.framework */; };
		495572DA1B05310600EAD377 /* SubCategory.swift in Sources */ = {isa = PBXBuildFile; fileRef = 495572D91B05310600EAD377 /* SubCategory.swift */; };
		495A24361AFE0CE4003731E9 /* AppDelegate.swift in Sources */ = {isa = PBXBuildFile; fileRef = 495A24351AFE0CE4003731E9 /* AppDelegate.swift */; };
		495A243A1AFE0CE4003731E9 /* CategoriesViewController.swift in Sources */ = {isa = PBXBuildFile; fileRef = 495A24391AFE0CE4003731E9 /* CategoriesViewController.swift */; };
		495A243D1AFE0CE4003731E9 /* Main.storyboard in Resources */ = {isa = PBXBuildFile; fileRef = 495A243B1AFE0CE4003731E9 /* Main.storyboard */; };
		495A243F1AFE0CE4003731E9 /* Images.xcassets in Resources */ = {isa = PBXBuildFile; fileRef = 495A243E1AFE0CE4003731E9 /* Images.xcassets */; };
		495A245A1AFE11FD003731E9 /* User.swift in Sources */ = {isa = PBXBuildFile; fileRef = 495A24591AFE11FD003731E9 /* User.swift */; };
		495A245C1AFE271D003731E9 /* UserData.swift in Sources */ = {isa = PBXBuildFile; fileRef = 495A245B1AFE271D003731E9 /* UserData.swift */; };
		495A245E1AFE3CF6003731E9 /* Question.swift in Sources */ = {isa = PBXBuildFile; fileRef = 495A245D1AFE3CF6003731E9 /* Question.swift */; };
		495A24621AFE497A003731E9 /* Category.swift in Sources */ = {isa = PBXBuildFile; fileRef = 495A24611AFE497A003731E9 /* Category.swift */; };
		495A24641AFE54D9003731E9 /* CommunicationHandler.swift in Sources */ = {isa = PBXBuildFile; fileRef = 495A24631AFE54D9003731E9 /* CommunicationHandler.swift */; };
		4970D47F1BB693F2001A2635 /* freescript.ttf in Resources */ = {isa = PBXBuildFile; fileRef = 4970D47E1BB69279001A2635 /* freescript.ttf */; };
		498A39671AFE90FD00726542 /* Helpers.swift in Sources */ = {isa = PBXBuildFile; fileRef = 498A39661AFE90FD00726542 /* Helpers.swift */; };
		498A39691AFF84D100726542 /* AboutViewController.swift in Sources */ = {isa = PBXBuildFile; fileRef = 498A39681AFF84D100726542 /* AboutViewController.swift */; };
		499485BC1B1B2C5A0060AFD5 /* QuestionsViewController.swift in Sources */ = {isa = PBXBuildFile; fileRef = 499485BB1B1B2C5A0060AFD5 /* QuestionsViewController.swift */; };
		499EC5BB1B1EC62900DA6B5C /* QuestionCell.swift in Sources */ = {isa = PBXBuildFile; fileRef = 499EC5BA1B1EC62900DA6B5C /* QuestionCell.swift */; };
		49B90DDD1B2D9AEB003EB9E3 /* AboutBackground-480h@2x.png in Resources */ = {isa = PBXBuildFile; fileRef = 49B90DAA1B2D9AEB003EB9E3 /* AboutBackground-480h@2x.png */; };
		49B90DDE1B2D9AEB003EB9E3 /* GoodsButton-480h@2x.png in Resources */ = {isa = PBXBuildFile; fileRef = 49B90DAB1B2D9AEB003EB9E3 /* GoodsButton-480h@2x.png */; };
		49B90DDF1B2D9AEB003EB9E3 /* SocialButton-480h@2x.png in Resources */ = {isa = PBXBuildFile; fileRef = 49B90DAC1B2D9AEB003EB9E3 /* SocialButton-480h@2x.png */; };
		49B90DE01B2D9AEB003EB9E3 /* GoodsBackground-480h@2x.png in Resources */ = {isa = PBXBuildFile; fileRef = 49B90DAD1B2D9AEB003EB9E3 /* GoodsBackground-480h@2x.png */; };
		49B90DE11B2D9AEB003EB9E3 /* LoginBackground-480h@2x.png in Resources */ = {isa = PBXBuildFile; fileRef = 49B90DAE1B2D9AEB003EB9E3 /* LoginBackground-480h@2x.png */; };
		49B90DE21B2D9AEB003EB9E3 /* QuestionsBackground-480h@2x.png in Resources */ = {isa = PBXBuildFile; fileRef = 49B90DAF1B2D9AEB003EB9E3 /* QuestionsBackground-480h@2x.png */; };
		49B90DE31B2D9AEB003EB9E3 /* SocialBackground-480h@2x.png in Resources */ = {isa = PBXBuildFile; fileRef = 49B90DB01B2D9AEB003EB9E3 /* SocialBackground-480h@2x.png */; };
		49B90DE41B2D9AEB003EB9E3 /* TutorialBackgroundPage1-480h@2x.png in Resources */ = {isa = PBXBuildFile; fileRef = 49B90DB11B2D9AEB003EB9E3 /* TutorialBackgroundPage1-480h@2x.png */; };
		49B90DE51B2D9AEB003EB9E3 /* TutorialBackgroundPage2-480h@2x.png in Resources */ = {isa = PBXBuildFile; fileRef = 49B90DB21B2D9AEB003EB9E3 /* TutorialBackgroundPage2-480h@2x.png */; };
		49B90DE61B2D9AEB003EB9E3 /* TutorialBackgroundPage3-480h@2x.png in Resources */ = {isa = PBXBuildFile; fileRef = 49B90DB31B2D9AEB003EB9E3 /* TutorialBackgroundPage3-480h@2x.png */; };
		49B90DE71B2D9AEB003EB9E3 /* TutorialBackgroundPage4-480h@2x.png in Resources */ = {isa = PBXBuildFile; fileRef = 49B90DB41B2D9AEB003EB9E3 /* TutorialBackgroundPage4-480h@2x.png */; };
		49B90DE81B2D9AEB003EB9E3 /* TutorialBackgroundPage5-480h@2x.png in Resources */ = {isa = PBXBuildFile; fileRef = 49B90DB51B2D9AEB003EB9E3 /* TutorialBackgroundPage5-480h@2x.png */; };
		49B90DE91B2D9AEB003EB9E3 /* AboutBackground-568h@2x.png in Resources */ = {isa = PBXBuildFile; fileRef = 49B90DB71B2D9AEB003EB9E3 /* AboutBackground-568h@2x.png */; };
		49B90DEA1B2D9AEB003EB9E3 /* GoodsButton-568h@2x.png in Resources */ = {isa = PBXBuildFile; fileRef = 49B90DB81B2D9AEB003EB9E3 /* GoodsButton-568h@2x.png */; };
		49B90DEB1B2D9AEB003EB9E3 /* SocialButton-568h@2x.png in Resources */ = {isa = PBXBuildFile; fileRef = 49B90DB91B2D9AEB003EB9E3 /* SocialButton-568h@2x.png */; };
		49B90DEC1B2D9AEB003EB9E3 /* GoodsBackground-568h@2x.png in Resources */ = {isa = PBXBuildFile; fileRef = 49B90DBA1B2D9AEB003EB9E3 /* GoodsBackground-568h@2x.png */; };
		49B90DED1B2D9AEB003EB9E3 /* LoginBackground-568h@2x.png in Resources */ = {isa = PBXBuildFile; fileRef = 49B90DBB1B2D9AEB003EB9E3 /* LoginBackground-568h@2x.png */; };
		49B90DEE1B2D9AEB003EB9E3 /* QuestionsBackground-568h@2x.png in Resources */ = {isa = PBXBuildFile; fileRef = 49B90DBC1B2D9AEB003EB9E3 /* QuestionsBackground-568h@2x.png */; };
		49B90DEF1B2D9AEB003EB9E3 /* SocialBackground-568h@2x.png in Resources */ = {isa = PBXBuildFile; fileRef = 49B90DBD1B2D9AEB003EB9E3 /* SocialBackground-568h@2x.png */; };
		49B90DF01B2D9AEB003EB9E3 /* TutorialBackgroundPage1-568h@2x.png in Resources */ = {isa = PBXBuildFile; fileRef = 49B90DBE1B2D9AEB003EB9E3 /* TutorialBackgroundPage1-568h@2x.png */; };
		49B90DF11B2D9AEB003EB9E3 /* TutorialBackgroundPage2-568h@2x.png in Resources */ = {isa = PBXBuildFile; fileRef = 49B90DBF1B2D9AEB003EB9E3 /* TutorialBackgroundPage2-568h@2x.png */; };
		49B90DF21B2D9AEB003EB9E3 /* TutorialBackgroundPage3-568h@2x.png in Resources */ = {isa = PBXBuildFile; fileRef = 49B90DC01B2D9AEB003EB9E3 /* TutorialBackgroundPage3-568h@2x.png */; };
		49B90DF31B2D9AEB003EB9E3 /* TutorialBackgroundPage4-568h@2x.png in Resources */ = {isa = PBXBuildFile; fileRef = 49B90DC11B2D9AEB003EB9E3 /* TutorialBackgroundPage4-568h@2x.png */; };
		49B90DF41B2D9AEB003EB9E3 /* TutorialBackgroundPage5-568h@2x.png in Resources */ = {isa = PBXBuildFile; fileRef = 49B90DC21B2D9AEB003EB9E3 /* TutorialBackgroundPage5-568h@2x.png */; };
		49B90DF61B2D9AEB003EB9E3 /* GoodsButton-667h@2x.png in Resources */ = {isa = PBXBuildFile; fileRef = 49B90DC51B2D9AEB003EB9E3 /* GoodsButton-667h@2x.png */; };
		49B90DF71B2D9AEB003EB9E3 /* SocialButton-667h@2x.png in Resources */ = {isa = PBXBuildFile; fileRef = 49B90DC61B2D9AEB003EB9E3 /* SocialButton-667h@2x.png */; };
		49B90DF81B2D9AEB003EB9E3 /* GoodsBackground-667h@2x.png in Resources */ = {isa = PBXBuildFile; fileRef = 49B90DC71B2D9AEB003EB9E3 /* GoodsBackground-667h@2x.png */; };
		49B90DF91B2D9AEB003EB9E3 /* LoginBackground-667h@2x.png in Resources */ = {isa = PBXBuildFile; fileRef = 49B90DC81B2D9AEB003EB9E3 /* LoginBackground-667h@2x.png */; };
		49B90DFA1B2D9AEB003EB9E3 /* QuestionsBackground-667h@2x.png in Resources */ = {isa = PBXBuildFile; fileRef = 49B90DC91B2D9AEB003EB9E3 /* QuestionsBackground-667h@2x.png */; };
		49B90DFB1B2D9AEB003EB9E3 /* SocialBackground-667h@2x.png in Resources */ = {isa = PBXBuildFile; fileRef = 49B90DCA1B2D9AEB003EB9E3 /* SocialBackground-667h@2x.png */; };
		49B90DFC1B2D9AEB003EB9E3 /* TutorialBackgroundPage1-667h@2x.png in Resources */ = {isa = PBXBuildFile; fileRef = 49B90DCB1B2D9AEB003EB9E3 /* TutorialBackgroundPage1-667h@2x.png */; };
		49B90DFD1B2D9AEB003EB9E3 /* TutorialBackgroundPage2-667h@2x.png in Resources */ = {isa = PBXBuildFile; fileRef = 49B90DCC1B2D9AEB003EB9E3 /* TutorialBackgroundPage2-667h@2x.png */; };
		49B90DFE1B2D9AEB003EB9E3 /* TutorialBackgroundPage3-667h@2x.png in Resources */ = {isa = PBXBuildFile; fileRef = 49B90DCD1B2D9AEB003EB9E3 /* TutorialBackgroundPage3-667h@2x.png */; };
		49B90DFF1B2D9AEB003EB9E3 /* TutorialBackgroundPage4-667h@2x.png in Resources */ = {isa = PBXBuildFile; fileRef = 49B90DCE1B2D9AEB003EB9E3 /* TutorialBackgroundPage4-667h@2x.png */; };
		49B90E001B2D9AEB003EB9E3 /* TutorialBackgroundPage5-667h@2x.png in Resources */ = {isa = PBXBuildFile; fileRef = 49B90DCF1B2D9AEB003EB9E3 /* TutorialBackgroundPage5-667h@2x.png */; };
		49B90E021B2D9AEB003EB9E3 /* GoodsButton-736h@3x.png in Resources */ = {isa = PBXBuildFile; fileRef = 49B90DD21B2D9AEB003EB9E3 /* GoodsButton-736h@3x.png */; };
		49B90E031B2D9AEB003EB9E3 /* SocialButton-736h@3x.png in Resources */ = {isa = PBXBuildFile; fileRef = 49B90DD31B2D9AEB003EB9E3 /* SocialButton-736h@3x.png */; };
		49B90E041B2D9AEB003EB9E3 /* GoodsBackground-736h@3x.png in Resources */ = {isa = PBXBuildFile; fileRef = 49B90DD41B2D9AEB003EB9E3 /* GoodsBackground-736h@3x.png */; };
		49B90E061B2D9AEB003EB9E3 /* QuestionsBackground-736h@3x.png in Resources */ = {isa = PBXBuildFile; fileRef = 49B90DD61B2D9AEB003EB9E3 /* QuestionsBackground-736h@3x.png */; };
		49B90E071B2D9AEB003EB9E3 /* SocialBackground-736h@3x.png in Resources */ = {isa = PBXBuildFile; fileRef = 49B90DD71B2D9AEB003EB9E3 /* SocialBackground-736h@3x.png */; };
		49B90E081B2D9AEB003EB9E3 /* TutorialBackgroundPage1-736h@3x.png in Resources */ = {isa = PBXBuildFile; fileRef = 49B90DD81B2D9AEB003EB9E3 /* TutorialBackgroundPage1-736h@3x.png */; };
		49B90E091B2D9AEB003EB9E3 /* TutorialBackgroundPage2-736h@3x.png in Resources */ = {isa = PBXBuildFile; fileRef = 49B90DD91B2D9AEB003EB9E3 /* TutorialBackgroundPage2-736h@3x.png */; };
		49B90E0A1B2D9AEB003EB9E3 /* TutorialBackgroundPage3-736h@3x.png in Resources */ = {isa = PBXBuildFile; fileRef = 49B90DDA1B2D9AEB003EB9E3 /* TutorialBackgroundPage3-736h@3x.png */; };
		49B90E0B1B2D9AEB003EB9E3 /* TutorialBackgroundPage4-736h@3x.png in Resources */ = {isa = PBXBuildFile; fileRef = 49B90DDB1B2D9AEB003EB9E3 /* TutorialBackgroundPage4-736h@3x.png */; };
		49B90E0C1B2D9AEB003EB9E3 /* TutorialBackgroundPage5-736h@3x.png in Resources */ = {isa = PBXBuildFile; fileRef = 49B90DDC1B2D9AEB003EB9E3 /* TutorialBackgroundPage5-736h@3x.png */; };
		49B9DEF61B3ECE3500139F3D /* AboutBackground-667h@2x.png in Resources */ = {isa = PBXBuildFile; fileRef = 49B9DEF51B3ECE3500139F3D /* AboutBackground-667h@2x.png */; };
		49B9DEFB1B3ED76C00139F3D /* LoginNotNowButton-480h@2x.png in Resources */ = {isa = PBXBuildFile; fileRef = 49B9DEF81B3ED76C00139F3D /* LoginNotNowButton-480h@2x.png */; };
		49B9DEFE1B3EDA4E00139F3D /* LoginSocialButtons-480h@2x.png in Resources */ = {isa = PBXBuildFile; fileRef = 49B9DEFD1B3EDA4E00139F3D /* LoginSocialButtons-480h@2x.png */; };
		49B9DF001B3EE04C00139F3D /* LoginSocialButtons-568h@2x.png in Resources */ = {isa = PBXBuildFile; fileRef = 49B9DEFF1B3EE04C00139F3D /* LoginSocialButtons-568h@2x.png */; };
		49B9DF021B3EE08E00139F3D /* LoginNotNowButton-568h@2x.png in Resources */ = {isa = PBXBuildFile; fileRef = 49B9DF011B3EE08E00139F3D /* LoginNotNowButton-568h@2x.png */; };
		49B9DF041B3EE33E00139F3D /* LoginNotNowButton-667h@2x.png in Resources */ = {isa = PBXBuildFile; fileRef = 49B9DF031B3EE33E00139F3D /* LoginNotNowButton-667h@2x.png */; };
		49B9DF061B3EE3DD00139F3D /* LoginSocialButtons-667h@2x.png in Resources */ = {isa = PBXBuildFile; fileRef = 49B9DF051B3EE3DD00139F3D /* LoginSocialButtons-667h@2x.png */; };
		49B9DF081B3EE49600139F3D /* LoginNotNowButton-736h@3x.png in Resources */ = {isa = PBXBuildFile; fileRef = 49B9DF071B3EE49600139F3D /* LoginNotNowButton-736h@3x.png */; };
		49B9DF0A1B3EE6B900139F3D /* LoginSocialButtons-736h@3x.png in Resources */ = {isa = PBXBuildFile; fileRef = 49B9DF091B3EE6B900139F3D /* LoginSocialButtons-736h@3x.png */; };
		49C92EBB1B08A0F600213623 /* QuestionData.swift in Sources */ = {isa = PBXBuildFile; fileRef = 49C92EBA1B08A0F600213623 /* QuestionData.swift */; };
		49C92EBD1B08B23E00213623 /* Suggest.swift in Sources */ = {isa = PBXBuildFile; fileRef = 49C92EBC1B08B23E00213623 /* Suggest.swift */; };
/* End PBXBuildFile section */

/* Begin PBXFileReference section */
		490CF95E1B52A7C700C2AA13 /* AboutBackground-736h@3x.png */ = {isa = PBXFileReference; lastKnownFileType = image.png; path = "AboutBackground-736h@3x.png"; sourceTree = "<group>"; };
		490CF95F1B52A7C700C2AA13 /* LoginBackground-736h@3x.png */ = {isa = PBXFileReference; lastKnownFileType = image.png; path = "LoginBackground-736h@3x.png"; sourceTree = "<group>"; };
		490F6F231B2C303E004A7E41 /* SubcategoryCell.swift */ = {isa = PBXFileReference; fileEncoding = 4; lastKnownFileType = sourcecode.swift; path = SubcategoryCell.swift; sourceTree = "<group>"; };
		491094CE1B0D19C100B07016 /* LoginViewController.swift */ = {isa = PBXFileReference; fileEncoding = 4; lastKnownFileType = sourcecode.swift; path = LoginViewController.swift; sourceTree = "<group>"; };
		491094D01B0D1BA300B07016 /* QuestionViewController.swift */ = {isa = PBXFileReference; fileEncoding = 4; lastKnownFileType = sourcecode.swift; path = QuestionViewController.swift; sourceTree = "<group>"; };
		491094D21B0D1DDC00B07016 /* TutorialViewController.swift */ = {isa = PBXFileReference; fileEncoding = 4; lastKnownFileType = sourcecode.swift; path = TutorialViewController.swift; sourceTree = "<group>"; };
		4911B21E1B821C4B00C574EA /* SuggestMe-iOS-Bridging-Header.h */ = {isa = PBXFileReference; lastKnownFileType = sourcecode.c.h; path = "SuggestMe-iOS-Bridging-Header.h"; sourceTree = "<group>"; };
		4953B28C1BA86E6C00773D43 /* FBSDKCoreKit.framework */ = {isa = PBXFileReference; lastKnownFileType = wrapper.framework; name = FBSDKCoreKit.framework; path = Resources/FBSDKCoreKit.framework; sourceTree = "<group>"; };
		4953B28D1BA86E6C00773D43 /* FBSDKLoginKit.framework */ = {isa = PBXFileReference; lastKnownFileType = wrapper.framework; name = FBSDKLoginKit.framework; path = Resources/FBSDKLoginKit.framework; sourceTree = "<group>"; };
		495572D91B05310600EAD377 /* SubCategory.swift */ = {isa = PBXFileReference; fileEncoding = 4; lastKnownFileType = sourcecode.swift; path = SubCategory.swift; sourceTree = "<group>"; };
		495A24301AFE0CE4003731E9 /* SuggestMe-iOS.app */ = {isa = PBXFileReference; explicitFileType = wrapper.application; includeInIndex = 0; path = "SuggestMe-iOS.app"; sourceTree = BUILT_PRODUCTS_DIR; };
		495A24341AFE0CE4003731E9 /* Info.plist */ = {isa = PBXFileReference; lastKnownFileType = text.plist.xml; path = Info.plist; sourceTree = "<group>"; };
		495A24351AFE0CE4003731E9 /* AppDelegate.swift */ = {isa = PBXFileReference; lastKnownFileType = sourcecode.swift; path = AppDelegate.swift; sourceTree = "<group>"; };
		495A24391AFE0CE4003731E9 /* CategoriesViewController.swift */ = {isa = PBXFileReference; lastKnownFileType = sourcecode.swift; path = CategoriesViewController.swift; sourceTree = "<group>"; };
		495A243C1AFE0CE4003731E9 /* Base */ = {isa = PBXFileReference; lastKnownFileType = file.storyboard; name = Base; path = Base.lproj/Main.storyboard; sourceTree = "<group>"; };
		495A243E1AFE0CE4003731E9 /* Images.xcassets */ = {isa = PBXFileReference; lastKnownFileType = folder.assetcatalog; name = Images.xcassets; path = ../Images.xcassets; sourceTree = "<group>"; };
		495A24591AFE11FD003731E9 /* User.swift */ = {isa = PBXFileReference; fileEncoding = 4; lastKnownFileType = sourcecode.swift; path = User.swift; sourceTree = "<group>"; };
		495A245B1AFE271D003731E9 /* UserData.swift */ = {isa = PBXFileReference; fileEncoding = 4; lastKnownFileType = sourcecode.swift; path = UserData.swift; sourceTree = "<group>"; };
		495A245D1AFE3CF6003731E9 /* Question.swift */ = {isa = PBXFileReference; fileEncoding = 4; lastKnownFileType = sourcecode.swift; path = Question.swift; sourceTree = "<group>"; };
		495A24611AFE497A003731E9 /* Category.swift */ = {isa = PBXFileReference; fileEncoding = 4; lastKnownFileType = sourcecode.swift; path = Category.swift; sourceTree = "<group>"; };
		495A24631AFE54D9003731E9 /* CommunicationHandler.swift */ = {isa = PBXFileReference; fileEncoding = 4; lastKnownFileType = sourcecode.swift; path = CommunicationHandler.swift; sourceTree = "<group>"; };
		4970D47E1BB69279001A2635 /* freescript.ttf */ = {isa = PBXFileReference; lastKnownFileType = file; name = freescript.ttf; path = Resources/freescript.ttf; sourceTree = "<group>"; };
		498A39661AFE90FD00726542 /* Helpers.swift */ = {isa = PBXFileReference; fileEncoding = 4; lastKnownFileType = sourcecode.swift; path = Helpers.swift; sourceTree = "<group>"; };
		498A39681AFF84D100726542 /* AboutViewController.swift */ = {isa = PBXFileReference; fileEncoding = 4; lastKnownFileType = sourcecode.swift; path = AboutViewController.swift; sourceTree = "<group>"; };
		499485BB1B1B2C5A0060AFD5 /* QuestionsViewController.swift */ = {isa = PBXFileReference; fileEncoding = 4; lastKnownFileType = sourcecode.swift; path = QuestionsViewController.swift; sourceTree = "<group>"; };
		499EC5BA1B1EC62900DA6B5C /* QuestionCell.swift */ = {isa = PBXFileReference; fileEncoding = 4; lastKnownFileType = sourcecode.swift; path = QuestionCell.swift; sourceTree = "<group>"; };
		49B90DAA1B2D9AEB003EB9E3 /* AboutBackground-480h@2x.png */ = {isa = PBXFileReference; lastKnownFileType = image.png; path = "AboutBackground-480h@2x.png"; sourceTree = "<group>"; };
		49B90DAB1B2D9AEB003EB9E3 /* GoodsButton-480h@2x.png */ = {isa = PBXFileReference; lastKnownFileType = image.png; path = "GoodsButton-480h@2x.png"; sourceTree = "<group>"; };
		49B90DAC1B2D9AEB003EB9E3 /* SocialButton-480h@2x.png */ = {isa = PBXFileReference; lastKnownFileType = image.png; path = "SocialButton-480h@2x.png"; sourceTree = "<group>"; };
		49B90DAD1B2D9AEB003EB9E3 /* GoodsBackground-480h@2x.png */ = {isa = PBXFileReference; lastKnownFileType = image.png; path = "GoodsBackground-480h@2x.png"; sourceTree = "<group>"; };
		49B90DAE1B2D9AEB003EB9E3 /* LoginBackground-480h@2x.png */ = {isa = PBXFileReference; lastKnownFileType = image.png; path = "LoginBackground-480h@2x.png"; sourceTree = "<group>"; };
		49B90DAF1B2D9AEB003EB9E3 /* QuestionsBackground-480h@2x.png */ = {isa = PBXFileReference; lastKnownFileType = image.png; path = "QuestionsBackground-480h@2x.png"; sourceTree = "<group>"; };
		49B90DB01B2D9AEB003EB9E3 /* SocialBackground-480h@2x.png */ = {isa = PBXFileReference; lastKnownFileType = image.png; path = "SocialBackground-480h@2x.png"; sourceTree = "<group>"; };
		49B90DB11B2D9AEB003EB9E3 /* TutorialBackgroundPage1-480h@2x.png */ = {isa = PBXFileReference; lastKnownFileType = image.png; path = "TutorialBackgroundPage1-480h@2x.png"; sourceTree = "<group>"; };
		49B90DB21B2D9AEB003EB9E3 /* TutorialBackgroundPage2-480h@2x.png */ = {isa = PBXFileReference; lastKnownFileType = image.png; path = "TutorialBackgroundPage2-480h@2x.png"; sourceTree = "<group>"; };
		49B90DB31B2D9AEB003EB9E3 /* TutorialBackgroundPage3-480h@2x.png */ = {isa = PBXFileReference; lastKnownFileType = image.png; path = "TutorialBackgroundPage3-480h@2x.png"; sourceTree = "<group>"; };
		49B90DB41B2D9AEB003EB9E3 /* TutorialBackgroundPage4-480h@2x.png */ = {isa = PBXFileReference; lastKnownFileType = image.png; path = "TutorialBackgroundPage4-480h@2x.png"; sourceTree = "<group>"; };
		49B90DB51B2D9AEB003EB9E3 /* TutorialBackgroundPage5-480h@2x.png */ = {isa = PBXFileReference; lastKnownFileType = image.png; path = "TutorialBackgroundPage5-480h@2x.png"; sourceTree = "<group>"; };
		49B90DB71B2D9AEB003EB9E3 /* AboutBackground-568h@2x.png */ = {isa = PBXFileReference; lastKnownFileType = image.png; path = "AboutBackground-568h@2x.png"; sourceTree = "<group>"; };
		49B90DB81B2D9AEB003EB9E3 /* GoodsButton-568h@2x.png */ = {isa = PBXFileReference; lastKnownFileType = image.png; path = "GoodsButton-568h@2x.png"; sourceTree = "<group>"; };
		49B90DB91B2D9AEB003EB9E3 /* SocialButton-568h@2x.png */ = {isa = PBXFileReference; lastKnownFileType = image.png; path = "SocialButton-568h@2x.png"; sourceTree = "<group>"; };
		49B90DBA1B2D9AEB003EB9E3 /* GoodsBackground-568h@2x.png */ = {isa = PBXFileReference; lastKnownFileType = image.png; path = "GoodsBackground-568h@2x.png"; sourceTree = "<group>"; };
		49B90DBB1B2D9AEB003EB9E3 /* LoginBackground-568h@2x.png */ = {isa = PBXFileReference; lastKnownFileType = image.png; path = "LoginBackground-568h@2x.png"; sourceTree = "<group>"; };
		49B90DBC1B2D9AEB003EB9E3 /* QuestionsBackground-568h@2x.png */ = {isa = PBXFileReference; lastKnownFileType = image.png; path = "QuestionsBackground-568h@2x.png"; sourceTree = "<group>"; };
		49B90DBD1B2D9AEB003EB9E3 /* SocialBackground-568h@2x.png */ = {isa = PBXFileReference; lastKnownFileType = image.png; path = "SocialBackground-568h@2x.png"; sourceTree = "<group>"; };
		49B90DBE1B2D9AEB003EB9E3 /* TutorialBackgroundPage1-568h@2x.png */ = {isa = PBXFileReference; lastKnownFileType = image.png; path = "TutorialBackgroundPage1-568h@2x.png"; sourceTree = "<group>"; };
		49B90DBF1B2D9AEB003EB9E3 /* TutorialBackgroundPage2-568h@2x.png */ = {isa = PBXFileReference; lastKnownFileType = image.png; path = "TutorialBackgroundPage2-568h@2x.png"; sourceTree = "<group>"; };
		49B90DC01B2D9AEB003EB9E3 /* TutorialBackgroundPage3-568h@2x.png */ = {isa = PBXFileReference; lastKnownFileType = image.png; path = "TutorialBackgroundPage3-568h@2x.png"; sourceTree = "<group>"; };
		49B90DC11B2D9AEB003EB9E3 /* TutorialBackgroundPage4-568h@2x.png */ = {isa = PBXFileReference; lastKnownFileType = image.png; path = "TutorialBackgroundPage4-568h@2x.png"; sourceTree = "<group>"; };
		49B90DC21B2D9AEB003EB9E3 /* TutorialBackgroundPage5-568h@2x.png */ = {isa = PBXFileReference; lastKnownFileType = image.png; path = "TutorialBackgroundPage5-568h@2x.png"; sourceTree = "<group>"; };
		49B90DC51B2D9AEB003EB9E3 /* GoodsButton-667h@2x.png */ = {isa = PBXFileReference; lastKnownFileType = image.png; path = "GoodsButton-667h@2x.png"; sourceTree = "<group>"; };
		49B90DC61B2D9AEB003EB9E3 /* SocialButton-667h@2x.png */ = {isa = PBXFileReference; lastKnownFileType = image.png; path = "SocialButton-667h@2x.png"; sourceTree = "<group>"; };
		49B90DC71B2D9AEB003EB9E3 /* GoodsBackground-667h@2x.png */ = {isa = PBXFileReference; lastKnownFileType = image.png; path = "GoodsBackground-667h@2x.png"; sourceTree = "<group>"; };
		49B90DC81B2D9AEB003EB9E3 /* LoginBackground-667h@2x.png */ = {isa = PBXFileReference; lastKnownFileType = image.png; path = "LoginBackground-667h@2x.png"; sourceTree = "<group>"; };
		49B90DC91B2D9AEB003EB9E3 /* QuestionsBackground-667h@2x.png */ = {isa = PBXFileReference; lastKnownFileType = image.png; path = "QuestionsBackground-667h@2x.png"; sourceTree = "<group>"; };
		49B90DCA1B2D9AEB003EB9E3 /* SocialBackground-667h@2x.png */ = {isa = PBXFileReference; lastKnownFileType = image.png; path = "SocialBackground-667h@2x.png"; sourceTree = "<group>"; };
		49B90DCB1B2D9AEB003EB9E3 /* TutorialBackgroundPage1-667h@2x.png */ = {isa = PBXFileReference; lastKnownFileType = image.png; path = "TutorialBackgroundPage1-667h@2x.png"; sourceTree = "<group>"; };
		49B90DCC1B2D9AEB003EB9E3 /* TutorialBackgroundPage2-667h@2x.png */ = {isa = PBXFileReference; lastKnownFileType = image.png; path = "TutorialBackgroundPage2-667h@2x.png"; sourceTree = "<group>"; };
		49B90DCD1B2D9AEB003EB9E3 /* TutorialBackgroundPage3-667h@2x.png */ = {isa = PBXFileReference; lastKnownFileType = image.png; path = "TutorialBackgroundPage3-667h@2x.png"; sourceTree = "<group>"; };
		49B90DCE1B2D9AEB003EB9E3 /* TutorialBackgroundPage4-667h@2x.png */ = {isa = PBXFileReference; lastKnownFileType = image.png; path = "TutorialBackgroundPage4-667h@2x.png"; sourceTree = "<group>"; };
		49B90DCF1B2D9AEB003EB9E3 /* TutorialBackgroundPage5-667h@2x.png */ = {isa = PBXFileReference; lastKnownFileType = image.png; path = "TutorialBackgroundPage5-667h@2x.png"; sourceTree = "<group>"; };
		49B90DD21B2D9AEB003EB9E3 /* GoodsButton-736h@3x.png */ = {isa = PBXFileReference; lastKnownFileType = image.png; path = "GoodsButton-736h@3x.png"; sourceTree = "<group>"; };
		49B90DD31B2D9AEB003EB9E3 /* SocialButton-736h@3x.png */ = {isa = PBXFileReference; lastKnownFileType = image.png; path = "SocialButton-736h@3x.png"; sourceTree = "<group>"; };
		49B90DD41B2D9AEB003EB9E3 /* GoodsBackground-736h@3x.png */ = {isa = PBXFileReference; lastKnownFileType = image.png; path = "GoodsBackground-736h@3x.png"; sourceTree = "<group>"; };
		49B90DD61B2D9AEB003EB9E3 /* QuestionsBackground-736h@3x.png */ = {isa = PBXFileReference; lastKnownFileType = image.png; path = "QuestionsBackground-736h@3x.png"; sourceTree = "<group>"; };
		49B90DD71B2D9AEB003EB9E3 /* SocialBackground-736h@3x.png */ = {isa = PBXFileReference; lastKnownFileType = image.png; path = "SocialBackground-736h@3x.png"; sourceTree = "<group>"; };
		49B90DD81B2D9AEB003EB9E3 /* TutorialBackgroundPage1-736h@3x.png */ = {isa = PBXFileReference; lastKnownFileType = image.png; path = "TutorialBackgroundPage1-736h@3x.png"; sourceTree = "<group>"; };
		49B90DD91B2D9AEB003EB9E3 /* TutorialBackgroundPage2-736h@3x.png */ = {isa = PBXFileReference; lastKnownFileType = image.png; path = "TutorialBackgroundPage2-736h@3x.png"; sourceTree = "<group>"; };
		49B90DDA1B2D9AEB003EB9E3 /* TutorialBackgroundPage3-736h@3x.png */ = {isa = PBXFileReference; lastKnownFileType = image.png; path = "TutorialBackgroundPage3-736h@3x.png"; sourceTree = "<group>"; };
		49B90DDB1B2D9AEB003EB9E3 /* TutorialBackgroundPage4-736h@3x.png */ = {isa = PBXFileReference; lastKnownFileType = image.png; path = "TutorialBackgroundPage4-736h@3x.png"; sourceTree = "<group>"; };
		49B90DDC1B2D9AEB003EB9E3 /* TutorialBackgroundPage5-736h@3x.png */ = {isa = PBXFileReference; lastKnownFileType = image.png; path = "TutorialBackgroundPage5-736h@3x.png"; sourceTree = "<group>"; };
		49B9DEF51B3ECE3500139F3D /* AboutBackground-667h@2x.png */ = {isa = PBXFileReference; lastKnownFileType = image.png; path = "AboutBackground-667h@2x.png"; sourceTree = "<group>"; };
		49B9DEF81B3ED76C00139F3D /* LoginNotNowButton-480h@2x.png */ = {isa = PBXFileReference; lastKnownFileType = image.png; path = "LoginNotNowButton-480h@2x.png"; sourceTree = "<group>"; };
		49B9DEFD1B3EDA4E00139F3D /* LoginSocialButtons-480h@2x.png */ = {isa = PBXFileReference; lastKnownFileType = image.png; path = "LoginSocialButtons-480h@2x.png"; sourceTree = "<group>"; };
		49B9DEFF1B3EE04C00139F3D /* LoginSocialButtons-568h@2x.png */ = {isa = PBXFileReference; lastKnownFileType = image.png; path = "LoginSocialButtons-568h@2x.png"; sourceTree = "<group>"; };
		49B9DF011B3EE08E00139F3D /* LoginNotNowButton-568h@2x.png */ = {isa = PBXFileReference; lastKnownFileType = image.png; path = "LoginNotNowButton-568h@2x.png"; sourceTree = "<group>"; };
		49B9DF031B3EE33E00139F3D /* LoginNotNowButton-667h@2x.png */ = {isa = PBXFileReference; lastKnownFileType = image.png; path = "LoginNotNowButton-667h@2x.png"; sourceTree = "<group>"; };
		49B9DF051B3EE3DD00139F3D /* LoginSocialButtons-667h@2x.png */ = {isa = PBXFileReference; lastKnownFileType = image.png; path = "LoginSocialButtons-667h@2x.png"; sourceTree = "<group>"; };
		49B9DF071B3EE49600139F3D /* LoginNotNowButton-736h@3x.png */ = {isa = PBXFileReference; lastKnownFileType = image.png; path = "LoginNotNowButton-736h@3x.png"; sourceTree = "<group>"; };
		49B9DF091B3EE6B900139F3D /* LoginSocialButtons-736h@3x.png */ = {isa = PBXFileReference; lastKnownFileType = image.png; path = "LoginSocialButtons-736h@3x.png"; sourceTree = "<group>"; };
		49C92EBA1B08A0F600213623 /* QuestionData.swift */ = {isa = PBXFileReference; fileEncoding = 4; lastKnownFileType = sourcecode.swift; path = QuestionData.swift; sourceTree = "<group>"; };
		49C92EBC1B08B23E00213623 /* Suggest.swift */ = {isa = PBXFileReference; fileEncoding = 4; lastKnownFileType = sourcecode.swift; path = Suggest.swift; sourceTree = "<group>"; };
/* End PBXFileReference section */

/* Begin PBXFrameworksBuildPhase section */
		495A242D1AFE0CE4003731E9 /* Frameworks */ = {
			isa = PBXFrameworksBuildPhase;
			buildActionMask = 2147483647;
			files = (
				4953B28E1BA86E6C00773D43 /* FBSDKCoreKit.framework in Frameworks */,
				4953B28F1BA86E6C00773D43 /* FBSDKLoginKit.framework in Frameworks */,
			);
			runOnlyForDeploymentPostprocessing = 0;
		};
/* End PBXFrameworksBuildPhase section */

/* Begin PBXGroup section */
		495A24271AFE0CE4003731E9 = {
			isa = PBXGroup;
			children = (
				495A24321AFE0CE4003731E9 /* SuggestMe-iOS */,
				495A24311AFE0CE4003731E9 /* Products */,
			);
			sourceTree = "<group>";
		};
		495A24311AFE0CE4003731E9 /* Products */ = {
			isa = PBXGroup;
			children = (
				495A24301AFE0CE4003731E9 /* SuggestMe-iOS.app */,
			);
			name = Products;
			sourceTree = "<group>";
		};
		495A24321AFE0CE4003731E9 /* SuggestMe-iOS */ = {
			isa = PBXGroup;
			children = (
				495A24351AFE0CE4003731E9 /* AppDelegate.swift */,
				491094D21B0D1DDC00B07016 /* TutorialViewController.swift */,
				491094CE1B0D19C100B07016 /* LoginViewController.swift */,
				499485BB1B1B2C5A0060AFD5 /* QuestionsViewController.swift */,
				499EC5BA1B1EC62900DA6B5C /* QuestionCell.swift */,
				495A24391AFE0CE4003731E9 /* CategoriesViewController.swift */,
				491094D01B0D1BA300B07016 /* QuestionViewController.swift */,
				490F6F231B2C303E004A7E41 /* SubcategoryCell.swift */,
				498A39681AFF84D100726542 /* AboutViewController.swift */,
				495A24581AFE10E9003731E9 /* Controller */,
				495A24571AFE10E0003731E9 /* Model */,
				49B90DA81B2D9AEB003EB9E3 /* UI */,
				495A24331AFE0CE4003731E9 /* Supporting Files */,
			);
			path = "SuggestMe-iOS";
			sourceTree = "<group>";
		};
		495A24331AFE0CE4003731E9 /* Supporting Files */ = {
			isa = PBXGroup;
			children = (
				4970D47E1BB69279001A2635 /* freescript.ttf */,
				495A24341AFE0CE4003731E9 /* Info.plist */,
				4911B21E1B821C4B00C574EA /* SuggestMe-iOS-Bridging-Header.h */,
				4953B28C1BA86E6C00773D43 /* FBSDKCoreKit.framework */,
				4953B28D1BA86E6C00773D43 /* FBSDKLoginKit.framework */,
			);
			name = "Supporting Files";
			sourceTree = "<group>";
		};
		495A24571AFE10E0003731E9 /* Model */ = {
			isa = PBXGroup;
			children = (
				495A24591AFE11FD003731E9 /* User.swift */,
				495A245B1AFE271D003731E9 /* UserData.swift */,
				495A24611AFE497A003731E9 /* Category.swift */,
				495572D91B05310600EAD377 /* SubCategory.swift */,
				495A245D1AFE3CF6003731E9 /* Question.swift */,
				49C92EBA1B08A0F600213623 /* QuestionData.swift */,
				49C92EBC1B08B23E00213623 /* Suggest.swift */,
			);
			name = Model;
			sourceTree = "<group>";
		};
		495A24581AFE10E9003731E9 /* Controller */ = {
			isa = PBXGroup;
			children = (
				495A24631AFE54D9003731E9 /* CommunicationHandler.swift */,
				498A39661AFE90FD00726542 /* Helpers.swift */,
			);
			name = Controller;
			sourceTree = "<group>";
		};
		49B90DA81B2D9AEB003EB9E3 /* UI */ = {
			isa = PBXGroup;
			children = (
				495A243B1AFE0CE4003731E9 /* Main.storyboard */,
				495A243E1AFE0CE4003731E9 /* Images.xcassets */,
				49B90DA91B2D9AEB003EB9E3 /* iPhone-4s */,
				49B90DB61B2D9AEB003EB9E3 /* iPhone-5:5s:5c */,
				49B90DC31B2D9AEB003EB9E3 /* iPhone-6 */,
				49B90DD01B2D9AEB003EB9E3 /* iPhone-6+ */,
			);
			name = UI;
			path = Assets;
			sourceTree = "<group>";
		};
		49B90DA91B2D9AEB003EB9E3 /* iPhone-4s */ = {
			isa = PBXGroup;
			children = (
				49B90DAA1B2D9AEB003EB9E3 /* AboutBackground-480h@2x.png */,
				49B9DEF81B3ED76C00139F3D /* LoginNotNowButton-480h@2x.png */,
				49B90DAB1B2D9AEB003EB9E3 /* GoodsButton-480h@2x.png */,
				49B90DAC1B2D9AEB003EB9E3 /* SocialButton-480h@2x.png */,
				49B90DAD1B2D9AEB003EB9E3 /* GoodsBackground-480h@2x.png */,
				49B90DAE1B2D9AEB003EB9E3 /* LoginBackground-480h@2x.png */,
				49B9DEFD1B3EDA4E00139F3D /* LoginSocialButtons-480h@2x.png */,
				49B90DAF1B2D9AEB003EB9E3 /* QuestionsBackground-480h@2x.png */,
				49B90DB01B2D9AEB003EB9E3 /* SocialBackground-480h@2x.png */,
				49B90DB11B2D9AEB003EB9E3 /* TutorialBackgroundPage1-480h@2x.png */,
				49B90DB21B2D9AEB003EB9E3 /* TutorialBackgroundPage2-480h@2x.png */,
				49B90DB31B2D9AEB003EB9E3 /* TutorialBackgroundPage3-480h@2x.png */,
				49B90DB41B2D9AEB003EB9E3 /* TutorialBackgroundPage4-480h@2x.png */,
				49B90DB51B2D9AEB003EB9E3 /* TutorialBackgroundPage5-480h@2x.png */,
			);
			path = "iPhone-4s";
			sourceTree = "<group>";
		};
		49B90DB61B2D9AEB003EB9E3 /* iPhone-5:5s:5c */ = {
			isa = PBXGroup;
			children = (
				49B90DB71B2D9AEB003EB9E3 /* AboutBackground-568h@2x.png */,
				49B90DB81B2D9AEB003EB9E3 /* GoodsButton-568h@2x.png */,
				49B90DB91B2D9AEB003EB9E3 /* SocialButton-568h@2x.png */,
				49B9DEFF1B3EE04C00139F3D /* LoginSocialButtons-568h@2x.png */,
				49B90DBA1B2D9AEB003EB9E3 /* GoodsBackground-568h@2x.png */,
				49B90DBB1B2D9AEB003EB9E3 /* LoginBackground-568h@2x.png */,
				49B9DF011B3EE08E00139F3D /* LoginNotNowButton-568h@2x.png */,
				49B90DBC1B2D9AEB003EB9E3 /* QuestionsBackground-568h@2x.png */,
				49B90DBD1B2D9AEB003EB9E3 /* SocialBackground-568h@2x.png */,
				49B90DBE1B2D9AEB003EB9E3 /* TutorialBackgroundPage1-568h@2x.png */,
				49B90DBF1B2D9AEB003EB9E3 /* TutorialBackgroundPage2-568h@2x.png */,
				49B90DC01B2D9AEB003EB9E3 /* TutorialBackgroundPage3-568h@2x.png */,
				49B90DC11B2D9AEB003EB9E3 /* TutorialBackgroundPage4-568h@2x.png */,
				49B90DC21B2D9AEB003EB9E3 /* TutorialBackgroundPage5-568h@2x.png */,
			);
			path = "iPhone-5:5s:5c";
			sourceTree = "<group>";
		};
		49B90DC31B2D9AEB003EB9E3 /* iPhone-6 */ = {
			isa = PBXGroup;
			children = (
				49B9DEF51B3ECE3500139F3D /* AboutBackground-667h@2x.png */,
				49B90DC51B2D9AEB003EB9E3 /* GoodsButton-667h@2x.png */,
				49B90DC61B2D9AEB003EB9E3 /* SocialButton-667h@2x.png */,
				49B90DC71B2D9AEB003EB9E3 /* GoodsBackground-667h@2x.png */,
				49B90DC81B2D9AEB003EB9E3 /* LoginBackground-667h@2x.png */,
				49B9DF051B3EE3DD00139F3D /* LoginSocialButtons-667h@2x.png */,
				49B90DC91B2D9AEB003EB9E3 /* QuestionsBackground-667h@2x.png */,
				49B9DF031B3EE33E00139F3D /* LoginNotNowButton-667h@2x.png */,
				49B90DCA1B2D9AEB003EB9E3 /* SocialBackground-667h@2x.png */,
				49B90DCB1B2D9AEB003EB9E3 /* TutorialBackgroundPage1-667h@2x.png */,
				49B90DCC1B2D9AEB003EB9E3 /* TutorialBackgroundPage2-667h@2x.png */,
				49B90DCD1B2D9AEB003EB9E3 /* TutorialBackgroundPage3-667h@2x.png */,
				49B90DCE1B2D9AEB003EB9E3 /* TutorialBackgroundPage4-667h@2x.png */,
				49B90DCF1B2D9AEB003EB9E3 /* TutorialBackgroundPage5-667h@2x.png */,
			);
			path = "iPhone-6";
			sourceTree = "<group>";
		};
		49B90DD01B2D9AEB003EB9E3 /* iPhone-6+ */ = {
			isa = PBXGroup;
			children = (
				490CF95E1B52A7C700C2AA13 /* AboutBackground-736h@3x.png */,
				490CF95F1B52A7C700C2AA13 /* LoginBackground-736h@3x.png */,
				49B90DD21B2D9AEB003EB9E3 /* GoodsButton-736h@3x.png */,
				49B90DD31B2D9AEB003EB9E3 /* SocialButton-736h@3x.png */,
				49B90DD41B2D9AEB003EB9E3 /* GoodsBackground-736h@3x.png */,
				49B9DF091B3EE6B900139F3D /* LoginSocialButtons-736h@3x.png */,
				49B9DF071B3EE49600139F3D /* LoginNotNowButton-736h@3x.png */,
				49B90DD61B2D9AEB003EB9E3 /* QuestionsBackground-736h@3x.png */,
				49B90DD71B2D9AEB003EB9E3 /* SocialBackground-736h@3x.png */,
				49B90DD81B2D9AEB003EB9E3 /* TutorialBackgroundPage1-736h@3x.png */,
				49B90DD91B2D9AEB003EB9E3 /* TutorialBackgroundPage2-736h@3x.png */,
				49B90DDA1B2D9AEB003EB9E3 /* TutorialBackgroundPage3-736h@3x.png */,
				49B90DDB1B2D9AEB003EB9E3 /* TutorialBackgroundPage4-736h@3x.png */,
				49B90DDC1B2D9AEB003EB9E3 /* TutorialBackgroundPage5-736h@3x.png */,
			);
			path = "iPhone-6+";
			sourceTree = "<group>";
		};
/* End PBXGroup section */

/* Begin PBXNativeTarget section */
		495A242F1AFE0CE4003731E9 /* SuggestMe-iOS */ = {
			isa = PBXNativeTarget;
			buildConfigurationList = 495A24511AFE0CE4003731E9 /* Build configuration list for PBXNativeTarget "SuggestMe-iOS" */;
			buildPhases = (
				495A242C1AFE0CE4003731E9 /* Sources */,
				495A242D1AFE0CE4003731E9 /* Frameworks */,
				495A242E1AFE0CE4003731E9 /* Resources */,
			);
			buildRules = (
			);
			dependencies = (
			);
			name = "SuggestMe-iOS";
			productName = "SuggestMe-iOS";
			productReference = 495A24301AFE0CE4003731E9 /* SuggestMe-iOS.app */;
			productType = "com.apple.product-type.application";
		};
/* End PBXNativeTarget section */

/* Begin PBXProject section */
		495A24281AFE0CE4003731E9 /* Project object */ = {
			isa = PBXProject;
			attributes = {
				LastSwiftUpdateCheck = 0700;
				LastUpgradeCheck = 0700;
				ORGANIZATIONNAME = Mattia;
				TargetAttributes = {
					495A242F1AFE0CE4003731E9 = {
						CreatedOnToolsVersion = 6.3.1;
						DevelopmentTeam = 99YVYKA632;
					};
				};
			};
			buildConfigurationList = 495A242B1AFE0CE4003731E9 /* Build configuration list for PBXProject "SuggestMe-iOS" */;
			compatibilityVersion = "Xcode 3.2";
			developmentRegion = English;
			hasScannedForEncodings = 0;
			knownRegions = (
				en,
				Base,
			);
			mainGroup = 495A24271AFE0CE4003731E9;
			productRefGroup = 495A24311AFE0CE4003731E9 /* Products */;
			projectDirPath = "";
			projectRoot = "";
			targets = (
				495A242F1AFE0CE4003731E9 /* SuggestMe-iOS */,
			);
		};
/* End PBXProject section */

/* Begin PBXResourcesBuildPhase section */
		495A242E1AFE0CE4003731E9 /* Resources */ = {
			isa = PBXResourcesBuildPhase;
			buildActionMask = 2147483647;
			files = (
				49B90DFD1B2D9AEB003EB9E3 /* TutorialBackgroundPage2-667h@2x.png in Resources */,
				49B90DF01B2D9AEB003EB9E3 /* TutorialBackgroundPage1-568h@2x.png in Resources */,
				49B90DDD1B2D9AEB003EB9E3 /* AboutBackground-480h@2x.png in Resources */,
				49B90DFC1B2D9AEB003EB9E3 /* TutorialBackgroundPage1-667h@2x.png in Resources */,
				49B90DFE1B2D9AEB003EB9E3 /* TutorialBackgroundPage3-667h@2x.png in Resources */,
				49B90DEB1B2D9AEB003EB9E3 /* SocialButton-568h@2x.png in Resources */,
				49B9DF021B3EE08E00139F3D /* LoginNotNowButton-568h@2x.png in Resources */,
				49B9DEFE1B3EDA4E00139F3D /* LoginSocialButtons-480h@2x.png in Resources */,
				49B90E081B2D9AEB003EB9E3 /* TutorialBackgroundPage1-736h@3x.png in Resources */,
				49B90DE31B2D9AEB003EB9E3 /* SocialBackground-480h@2x.png in Resources */,
				49B90DF21B2D9AEB003EB9E3 /* TutorialBackgroundPage3-568h@2x.png in Resources */,
				49B90E091B2D9AEB003EB9E3 /* TutorialBackgroundPage2-736h@3x.png in Resources */,
				49B90E0B1B2D9AEB003EB9E3 /* TutorialBackgroundPage4-736h@3x.png in Resources */,
				49B90DF71B2D9AEB003EB9E3 /* SocialButton-667h@2x.png in Resources */,
				49B90DF61B2D9AEB003EB9E3 /* GoodsButton-667h@2x.png in Resources */,
				49B9DF001B3EE04C00139F3D /* LoginSocialButtons-568h@2x.png in Resources */,
				49B90DEE1B2D9AEB003EB9E3 /* QuestionsBackground-568h@2x.png in Resources */,
				49B90E041B2D9AEB003EB9E3 /* GoodsBackground-736h@3x.png in Resources */,
				49B90DE91B2D9AEB003EB9E3 /* AboutBackground-568h@2x.png in Resources */,
				490CF9611B52A7C700C2AA13 /* LoginBackground-736h@3x.png in Resources */,
				49B90DE11B2D9AEB003EB9E3 /* LoginBackground-480h@2x.png in Resources */,
				4970D47F1BB693F2001A2635 /* freescript.ttf in Resources */,
				49B90E0C1B2D9AEB003EB9E3 /* TutorialBackgroundPage5-736h@3x.png in Resources */,
				49B90DE21B2D9AEB003EB9E3 /* QuestionsBackground-480h@2x.png in Resources */,
				49B90DF91B2D9AEB003EB9E3 /* LoginBackground-667h@2x.png in Resources */,
				49B90DF81B2D9AEB003EB9E3 /* GoodsBackground-667h@2x.png in Resources */,
				49B90DDE1B2D9AEB003EB9E3 /* GoodsButton-480h@2x.png in Resources */,
				49B90DE41B2D9AEB003EB9E3 /* TutorialBackgroundPage1-480h@2x.png in Resources */,
				49B90DE51B2D9AEB003EB9E3 /* TutorialBackgroundPage2-480h@2x.png in Resources */,
				49B90DFF1B2D9AEB003EB9E3 /* TutorialBackgroundPage4-667h@2x.png in Resources */,
				49B90E071B2D9AEB003EB9E3 /* SocialBackground-736h@3x.png in Resources */,
				49B90DE61B2D9AEB003EB9E3 /* TutorialBackgroundPage3-480h@2x.png in Resources */,
				49B90E021B2D9AEB003EB9E3 /* GoodsButton-736h@3x.png in Resources */,
				495A243D1AFE0CE4003731E9 /* Main.storyboard in Resources */,
				49B90DF41B2D9AEB003EB9E3 /* TutorialBackgroundPage5-568h@2x.png in Resources */,
				49B90E001B2D9AEB003EB9E3 /* TutorialBackgroundPage5-667h@2x.png in Resources */,
				49B9DEFB1B3ED76C00139F3D /* LoginNotNowButton-480h@2x.png in Resources */,
				490CF9601B52A7C700C2AA13 /* AboutBackground-736h@3x.png in Resources */,
				49B90E031B2D9AEB003EB9E3 /* SocialButton-736h@3x.png in Resources */,
				49B9DEF61B3ECE3500139F3D /* AboutBackground-667h@2x.png in Resources */,
				49B90E0A1B2D9AEB003EB9E3 /* TutorialBackgroundPage3-736h@3x.png in Resources */,
				49B90DF31B2D9AEB003EB9E3 /* TutorialBackgroundPage4-568h@2x.png in Resources */,
				49B90DEA1B2D9AEB003EB9E3 /* GoodsButton-568h@2x.png in Resources */,
				49B90E061B2D9AEB003EB9E3 /* QuestionsBackground-736h@3x.png in Resources */,
				49B90DF11B2D9AEB003EB9E3 /* TutorialBackgroundPage2-568h@2x.png in Resources */,
				49B90DEF1B2D9AEB003EB9E3 /* SocialBackground-568h@2x.png in Resources */,
				49B9DF0A1B3EE6B900139F3D /* LoginSocialButtons-736h@3x.png in Resources */,
				49B9DF081B3EE49600139F3D /* LoginNotNowButton-736h@3x.png in Resources */,
				49B90DED1B2D9AEB003EB9E3 /* LoginBackground-568h@2x.png in Resources */,
				49B90DFB1B2D9AEB003EB9E3 /* SocialBackground-667h@2x.png in Resources */,
				49B9DF041B3EE33E00139F3D /* LoginNotNowButton-667h@2x.png in Resources */,
				49B90DDF1B2D9AEB003EB9E3 /* SocialButton-480h@2x.png in Resources */,
				495A243F1AFE0CE4003731E9 /* Images.xcassets in Resources */,
				49B90DE81B2D9AEB003EB9E3 /* TutorialBackgroundPage5-480h@2x.png in Resources */,
				49B90DE71B2D9AEB003EB9E3 /* TutorialBackgroundPage4-480h@2x.png in Resources */,
				49B90DEC1B2D9AEB003EB9E3 /* GoodsBackground-568h@2x.png in Resources */,
				49B90DE01B2D9AEB003EB9E3 /* GoodsBackground-480h@2x.png in Resources */,
				49B9DF061B3EE3DD00139F3D /* LoginSocialButtons-667h@2x.png in Resources */,
				49B90DFA1B2D9AEB003EB9E3 /* QuestionsBackground-667h@2x.png in Resources */,
			);
			runOnlyForDeploymentPostprocessing = 0;
		};
/* End PBXResourcesBuildPhase section */

/* Begin PBXSourcesBuildPhase section */
		495A242C1AFE0CE4003731E9 /* Sources */ = {
			isa = PBXSourcesBuildPhase;
			buildActionMask = 2147483647;
			files = (
				491094CF1B0D19C100B07016 /* LoginViewController.swift in Sources */,
				495A245C1AFE271D003731E9 /* UserData.swift in Sources */,
				499485BC1B1B2C5A0060AFD5 /* QuestionsViewController.swift in Sources */,
				495A24641AFE54D9003731E9 /* CommunicationHandler.swift in Sources */,
				498A39691AFF84D100726542 /* AboutViewController.swift in Sources */,
				49C92EBD1B08B23E00213623 /* Suggest.swift in Sources */,
				49C92EBB1B08A0F600213623 /* QuestionData.swift in Sources */,
				499EC5BB1B1EC62900DA6B5C /* QuestionCell.swift in Sources */,
				498A39671AFE90FD00726542 /* Helpers.swift in Sources */,
				495A245A1AFE11FD003731E9 /* User.swift in Sources */,
				495A24621AFE497A003731E9 /* Category.swift in Sources */,
				495A243A1AFE0CE4003731E9 /* CategoriesViewController.swift in Sources */,
				491094D31B0D1DDC00B07016 /* TutorialViewController.swift in Sources */,
				495572DA1B05310600EAD377 /* SubCategory.swift in Sources */,
				491094D11B0D1BA300B07016 /* QuestionViewController.swift in Sources */,
				495A24361AFE0CE4003731E9 /* AppDelegate.swift in Sources */,
				490F6F241B2C303E004A7E41 /* SubcategoryCell.swift in Sources */,
				495A245E1AFE3CF6003731E9 /* Question.swift in Sources */,
			);
			runOnlyForDeploymentPostprocessing = 0;
		};
/* End PBXSourcesBuildPhase section */

/* Begin PBXVariantGroup section */
		495A243B1AFE0CE4003731E9 /* Main.storyboard */ = {
			isa = PBXVariantGroup;
			children = (
				495A243C1AFE0CE4003731E9 /* Base */,
			);
			name = Main.storyboard;
			path = ..;
			sourceTree = "<group>";
		};
/* End PBXVariantGroup section */

/* Begin XCBuildConfiguration section */
		495A244F1AFE0CE4003731E9 /* Debug */ = {
			isa = XCBuildConfiguration;
			buildSettings = {
				ALWAYS_SEARCH_USER_PATHS = NO;
				CLANG_CXX_LANGUAGE_STANDARD = "gnu++0x";
				CLANG_CXX_LIBRARY = "libc++";
				CLANG_ENABLE_MODULES = YES;
				CLANG_ENABLE_OBJC_ARC = YES;
				CLANG_WARN_BOOL_CONVERSION = YES;
				CLANG_WARN_CONSTANT_CONVERSION = YES;
				CLANG_WARN_DIRECT_OBJC_ISA_USAGE = YES_ERROR;
				CLANG_WARN_EMPTY_BODY = YES;
				CLANG_WARN_ENUM_CONVERSION = YES;
				CLANG_WARN_INT_CONVERSION = YES;
				CLANG_WARN_OBJC_ROOT_CLASS = YES_ERROR;
				CLANG_WARN_UNREACHABLE_CODE = YES;
				CLANG_WARN__DUPLICATE_METHOD_MATCH = YES;
				CODE_SIGN_IDENTITY = "iPhone Distribution: Maurizio Dragone (99YVYKA632)";
				COPY_PHASE_STRIP = NO;
				DEBUG_INFORMATION_FORMAT = "dwarf-with-dsym";
				ENABLE_BITCODE = NO;
				ENABLE_STRICT_OBJC_MSGSEND = YES;
				ENABLE_TESTABILITY = YES;
				GCC_C_LANGUAGE_STANDARD = gnu99;
				GCC_DYNAMIC_NO_PIC = NO;
				GCC_NO_COMMON_BLOCKS = YES;
				GCC_OPTIMIZATION_LEVEL = 0;
				GCC_PREPROCESSOR_DEFINITIONS = (
					"DEBUG=1",
					"$(inherited)",
				);
				GCC_SYMBOLS_PRIVATE_EXTERN = NO;
				GCC_WARN_64_TO_32_BIT_CONVERSION = YES;
				GCC_WARN_ABOUT_RETURN_TYPE = YES_ERROR;
				GCC_WARN_UNDECLARED_SELECTOR = YES;
				GCC_WARN_UNINITIALIZED_AUTOS = YES_AGGRESSIVE;
				GCC_WARN_UNUSED_FUNCTION = YES;
				GCC_WARN_UNUSED_VARIABLE = YES;
				IPHONEOS_DEPLOYMENT_TARGET = 7.0;
				MTL_ENABLE_DEBUG_INFO = YES;
				ONLY_ACTIVE_ARCH = YES;
				OTHER_SWIFT_FLAGS = "-DStaging";
				PROVISIONING_PROFILE = "9e983cba-9723-40d7-bf34-d658c3fe723b";
				SDKROOT = iphoneos;
				SWIFT_OPTIMIZATION_LEVEL = "-Onone";
			};
			name = Debug;
		};
		495A24501AFE0CE4003731E9 /* Release */ = {
			isa = XCBuildConfiguration;
			buildSettings = {
				ALWAYS_SEARCH_USER_PATHS = NO;
				CLANG_CXX_LANGUAGE_STANDARD = "gnu++0x";
				CLANG_CXX_LIBRARY = "libc++";
				CLANG_ENABLE_MODULES = YES;
				CLANG_ENABLE_OBJC_ARC = YES;
				CLANG_WARN_BOOL_CONVERSION = YES;
				CLANG_WARN_CONSTANT_CONVERSION = YES;
				CLANG_WARN_DIRECT_OBJC_ISA_USAGE = YES_ERROR;
				CLANG_WARN_EMPTY_BODY = YES;
				CLANG_WARN_ENUM_CONVERSION = YES;
				CLANG_WARN_INT_CONVERSION = YES;
				CLANG_WARN_OBJC_ROOT_CLASS = YES_ERROR;
				CLANG_WARN_UNREACHABLE_CODE = YES;
				CLANG_WARN__DUPLICATE_METHOD_MATCH = YES;
				CODE_SIGN_IDENTITY = "iPhone Distribution: Maurizio Dragone (99YVYKA632)";
				COPY_PHASE_STRIP = NO;
				DEBUG_INFORMATION_FORMAT = "dwarf-with-dsym";
				ENABLE_BITCODE = NO;
				ENABLE_NS_ASSERTIONS = NO;
				ENABLE_STRICT_OBJC_MSGSEND = YES;
				GCC_C_LANGUAGE_STANDARD = gnu99;
				GCC_NO_COMMON_BLOCKS = YES;
				GCC_WARN_64_TO_32_BIT_CONVERSION = YES;
				GCC_WARN_ABOUT_RETURN_TYPE = YES_ERROR;
				GCC_WARN_UNDECLARED_SELECTOR = YES;
				GCC_WARN_UNINITIALIZED_AUTOS = YES_AGGRESSIVE;
				GCC_WARN_UNUSED_FUNCTION = YES;
				GCC_WARN_UNUSED_VARIABLE = YES;
				IPHONEOS_DEPLOYMENT_TARGET = 7.0;
				MTL_ENABLE_DEBUG_INFO = NO;
				OTHER_SWIFT_FLAGS = "-DProduction";
				PROVISIONING_PROFILE = "9e983cba-9723-40d7-bf34-d658c3fe723b";
				SDKROOT = iphoneos;
				VALIDATE_PRODUCT = YES;
			};
			name = Release;
		};
		495A24521AFE0CE4003731E9 /* Debug */ = {
			isa = XCBuildConfiguration;
			buildSettings = {
				ASSETCATALOG_COMPILER_APPICON_NAME = AppIcon;
				ASSETCATALOG_COMPILER_LAUNCHIMAGE_NAME = LaunchImage;
				CLANG_ENABLE_MODULES = YES;
				CODE_SIGN_IDENTITY = "iPhone Developer";
				FRAMEWORK_SEARCH_PATHS = (
					"$(inherited)",
					"$(PROJECT_DIR)/SuggestMe-iOS/Resources",
				);
				INFOPLIST_FILE = "SuggestMe-iOS/Info.plist";
				LD_RUNPATH_SEARCH_PATHS = "$(inherited) @executable_path/Frameworks";
				OTHER_SWIFT_FLAGS = "-DStaging";
				PRODUCT_BUNDLE_IDENTIFIER = it.suggestme;
				PRODUCT_NAME = "$(TARGET_NAME)";
				SWIFT_OBJC_BRIDGING_HEADER = "SuggestMe-iOS/SuggestMe-iOS-Bridging-Header.h";
				SWIFT_OPTIMIZATION_LEVEL = "-Onone";
			};
			name = Debug;
		};
		495A24531AFE0CE4003731E9 /* Release */ = {
			isa = XCBuildConfiguration;
			buildSettings = {
				ASSETCATALOG_COMPILER_APPICON_NAME = AppIcon;
				ASSETCATALOG_COMPILER_LAUNCHIMAGE_NAME = LaunchImage;
				CLANG_ENABLE_MODULES = YES;
				CODE_SIGN_IDENTITY = "iPhone Developer";
				FRAMEWORK_SEARCH_PATHS = (
					"$(inherited)",
					"$(PROJECT_DIR)/SuggestMe-iOS/Resources",
				);
				INFOPLIST_FILE = "SuggestMe-iOS/Info.plist";
				LD_RUNPATH_SEARCH_PATHS = "$(inherited) @executable_path/Frameworks";
				OTHER_SWIFT_FLAGS = "-DStaging";
				PRODUCT_BUNDLE_IDENTIFIER = it.suggestme;
				PRODUCT_NAME = "$(TARGET_NAME)";
				SWIFT_OBJC_BRIDGING_HEADER = "SuggestMe-iOS/SuggestMe-iOS-Bridging-Header.h";
			};
			name = Release;
		};
/* End XCBuildConfiguration section */

/* Begin XCConfigurationList section */
		495A242B1AFE0CE4003731E9 /* Build configuration list for PBXProject "SuggestMe-iOS" */ = {
			isa = XCConfigurationList;
			buildConfigurations = (
				495A244F1AFE0CE4003731E9 /* Debug */,
				495A24501AFE0CE4003731E9 /* Release */,
			);
			defaultConfigurationIsVisible = 0;
			defaultConfigurationName = Release;
		};
		495A24511AFE0CE4003731E9 /* Build configuration list for PBXNativeTarget "SuggestMe-iOS" */ = {
			isa = XCConfigurationList;
			buildConfigurations = (
				495A24521AFE0CE4003731E9 /* Debug */,
				495A24531AFE0CE4003731E9 /* Release */,
			);
			defaultConfigurationIsVisible = 0;
			defaultConfigurationName = Release;
		};
/* End XCConfigurationList section */
	};
	rootObject = 495A24281AFE0CE4003731E9 /* Project object */;
}
