// !$*UTF8*$!
{
	archiveVersion = 1;
	classes = {
	};
	objectVersion = 46;
	objects = {

/* Begin PBXBuildFile section */
		491094CF1B0D19C100B07016 /* LoginViewController.swift in Sources */ = {isa = PBXBuildFile; fileRef = 491094CE1B0D19C100B07016 /* LoginViewController.swift */; };
		491094D11B0D1BA300B07016 /* QuestionViewController.swift in Sources */ = {isa = PBXBuildFile; fileRef = 491094D01B0D1BA300B07016 /* QuestionViewController.swift */; };
		491094D31B0D1DDC00B07016 /* TutorialViewController.swift in Sources */ = {isa = PBXBuildFile; fileRef = 491094D21B0D1DDC00B07016 /* TutorialViewController.swift */; };
		495572DA1B05310600EAD377 /* SubCategory.swift in Sources */ = {isa = PBXBuildFile; fileRef = 495572D91B05310600EAD377 /* SubCategory.swift */; };
		495A24361AFE0CE4003731E9 /* AppDelegate.swift in Sources */ = {isa = PBXBuildFile; fileRef = 495A24351AFE0CE4003731E9 /* AppDelegate.swift */; };
		495A243A1AFE0CE4003731E9 /* CategoriesViewController.swift in Sources */ = {isa = PBXBuildFile; fileRef = 495A24391AFE0CE4003731E9 /* CategoriesViewController.swift */; };
		495A243D1AFE0CE4003731E9 /* Main.storyboard in Resources */ = {isa = PBXBuildFile; fileRef = 495A243B1AFE0CE4003731E9 /* Main.storyboard */; };
		495A243F1AFE0CE4003731E9 /* Images.xcassets in Resources */ = {isa = PBXBuildFile; fileRef = 495A243E1AFE0CE4003731E9 /* Images.xcassets */; };
		495A245A1AFE11FD003731E9 /* User.swift in Sources */ = {isa = PBXBuildFile; fileRef = 495A24591AFE11FD003731E9 /* User.swift */; };
		495A245C1AFE271D003731E9 /* UserData.swift in Sources */ = {isa = PBXBuildFile; fileRef = 495A245B1AFE271D003731E9 /* UserData.swift */; };
		495A245E1AFE3CF6003731E9 /* Question.swift in Sources */ = {isa = PBXBuildFile; fileRef = 495A245D1AFE3CF6003731E9 /* Question.swift */; };
		495A24621AFE497A003731E9 /* Category.swift in Sources */ = {isa = PBXBuildFile; fileRef = 495A24611AFE497A003731E9 /* Category.swift */; };
		495A24641AFE54D9003731E9 /* CommunicationHandler.swift in Sources */ = {isa = PBXBuildFile; fileRef = 495A24631AFE54D9003731E9 /* CommunicationHandler.swift */; };
		498A39671AFE90FD00726542 /* Utility.swift in Sources */ = {isa = PBXBuildFile; fileRef = 498A39661AFE90FD00726542 /* Utility.swift */; };
		498A39691AFF84D100726542 /* AboutViewController.swift in Sources */ = {isa = PBXBuildFile; fileRef = 498A39681AFF84D100726542 /* AboutViewController.swift */; };
		499485BC1B1B2C5A0060AFD5 /* QuestionsViewController.swift in Sources */ = {isa = PBXBuildFile; fileRef = 499485BB1B1B2C5A0060AFD5 /* QuestionsViewController.swift */; };
		499EC5BB1B1EC62900DA6B5C /* QuestionCell.swift in Sources */ = {isa = PBXBuildFile; fileRef = 499EC5BA1B1EC62900DA6B5C /* QuestionCell.swift */; };
		49C92EBB1B08A0F600213623 /* QuestionData.swift in Sources */ = {isa = PBXBuildFile; fileRef = 49C92EBA1B08A0F600213623 /* QuestionData.swift */; };
		49C92EBD1B08B23E00213623 /* Suggest.swift in Sources */ = {isa = PBXBuildFile; fileRef = 49C92EBC1B08B23E00213623 /* Suggest.swift */; };
/* End PBXBuildFile section */

/* Begin PBXFileReference section */
		491094CE1B0D19C100B07016 /* LoginViewController.swift */ = {isa = PBXFileReference; fileEncoding = 4; lastKnownFileType = sourcecode.swift; path = LoginViewController.swift; sourceTree = "<group>"; };
		491094D01B0D1BA300B07016 /* QuestionViewController.swift */ = {isa = PBXFileReference; fileEncoding = 4; lastKnownFileType = sourcecode.swift; path = QuestionViewController.swift; sourceTree = "<group>"; };
		491094D21B0D1DDC00B07016 /* TutorialViewController.swift */ = {isa = PBXFileReference; fileEncoding = 4; lastKnownFileType = sourcecode.swift; path = TutorialViewController.swift; sourceTree = "<group>"; };
		495572D91B05310600EAD377 /* SubCategory.swift */ = {isa = PBXFileReference; fileEncoding = 4; lastKnownFileType = sourcecode.swift; path = SubCategory.swift; sourceTree = "<group>"; };
		495A24301AFE0CE4003731E9 /* SuggestMe-iOS.app */ = {isa = PBXFileReference; explicitFileType = wrapper.application; includeInIndex = 0; path = "SuggestMe-iOS.app"; sourceTree = BUILT_PRODUCTS_DIR; };
		495A24341AFE0CE4003731E9 /* Info.plist */ = {isa = PBXFileReference; lastKnownFileType = text.plist.xml; path = Info.plist; sourceTree = "<group>"; };
		495A24351AFE0CE4003731E9 /* AppDelegate.swift */ = {isa = PBXFileReference; lastKnownFileType = sourcecode.swift; path = AppDelegate.swift; sourceTree = "<group>"; };
		495A24391AFE0CE4003731E9 /* CategoriesViewController.swift */ = {isa = PBXFileReference; lastKnownFileType = sourcecode.swift; path = CategoriesViewController.swift; sourceTree = "<group>"; };
		495A243C1AFE0CE4003731E9 /* Base */ = {isa = PBXFileReference; lastKnownFileType = file.storyboard; name = Base; path = Base.lproj/Main.storyboard; sourceTree = "<group>"; };
		495A243E1AFE0CE4003731E9 /* Images.xcassets */ = {isa = PBXFileReference; lastKnownFileType = folder.assetcatalog; path = Images.xcassets; sourceTree = "<group>"; };
		495A24591AFE11FD003731E9 /* User.swift */ = {isa = PBXFileReference; fileEncoding = 4; lastKnownFileType = sourcecode.swift; path = User.swift; sourceTree = "<group>"; };
		495A245B1AFE271D003731E9 /* UserData.swift */ = {isa = PBXFileReference; fileEncoding = 4; lastKnownFileType = sourcecode.swift; path = UserData.swift; sourceTree = "<group>"; };
		495A245D1AFE3CF6003731E9 /* Question.swift */ = {isa = PBXFileReference; fileEncoding = 4; lastKnownFileType = sourcecode.swift; path = Question.swift; sourceTree = "<group>"; };
		495A24611AFE497A003731E9 /* Category.swift */ = {isa = PBXFileReference; fileEncoding = 4; lastKnownFileType = sourcecode.swift; path = Category.swift; sourceTree = "<group>"; };
		495A24631AFE54D9003731E9 /* CommunicationHandler.swift */ = {isa = PBXFileReference; fileEncoding = 4; lastKnownFileType = sourcecode.swift; path = CommunicationHandler.swift; sourceTree = "<group>"; };
		498A39661AFE90FD00726542 /* Utility.swift */ = {isa = PBXFileReference; fileEncoding = 4; lastKnownFileType = sourcecode.swift; path = Utility.swift; sourceTree = "<group>"; };
		498A39681AFF84D100726542 /* AboutViewController.swift */ = {isa = PBXFileReference; fileEncoding = 4; lastKnownFileType = sourcecode.swift; path = AboutViewController.swift; sourceTree = "<group>"; };
		499485BB1B1B2C5A0060AFD5 /* QuestionsViewController.swift */ = {isa = PBXFileReference; fileEncoding = 4; lastKnownFileType = sourcecode.swift; path = QuestionsViewController.swift; sourceTree = "<group>"; };
		499EC5BA1B1EC62900DA6B5C /* QuestionCell.swift */ = {isa = PBXFileReference; fileEncoding = 4; lastKnownFileType = sourcecode.swift; path = QuestionCell.swift; sourceTree = "<group>"; };
		49C92EBA1B08A0F600213623 /* QuestionData.swift */ = {isa = PBXFileReference; fileEncoding = 4; lastKnownFileType = sourcecode.swift; path = QuestionData.swift; sourceTree = "<group>"; };
		49C92EBC1B08B23E00213623 /* Suggest.swift */ = {isa = PBXFileReference; fileEncoding = 4; lastKnownFileType = sourcecode.swift; path = Suggest.swift; sourceTree = "<group>"; };
/* End PBXFileReference section */

/* Begin PBXFrameworksBuildPhase section */
		495A242D1AFE0CE4003731E9 /* Frameworks */ = {
			isa = PBXFrameworksBuildPhase;
			buildActionMask = 2147483647;
			files = (
			);
			runOnlyForDeploymentPostprocessing = 0;
		};
/* End PBXFrameworksBuildPhase section */

/* Begin PBXGroup section */
		495A24271AFE0CE4003731E9 = {
			isa = PBXGroup;
			children = (
				495A24321AFE0CE4003731E9 /* SuggestMe-iOS */,
				495A24311AFE0CE4003731E9 /* Products */,
			);
			sourceTree = "<group>";
		};
		495A24311AFE0CE4003731E9 /* Products */ = {
			isa = PBXGroup;
			children = (
				495A24301AFE0CE4003731E9 /* SuggestMe-iOS.app */,
			);
			name = Products;
			sourceTree = "<group>";
		};
		495A24321AFE0CE4003731E9 /* SuggestMe-iOS */ = {
			isa = PBXGroup;
			children = (
				495A24351AFE0CE4003731E9 /* AppDelegate.swift */,
				491094D21B0D1DDC00B07016 /* TutorialViewController.swift */,
				491094CE1B0D19C100B07016 /* LoginViewController.swift */,
				499485BB1B1B2C5A0060AFD5 /* QuestionsViewController.swift */,
				499EC5BA1B1EC62900DA6B5C /* QuestionCell.swift */,
				495A24391AFE0CE4003731E9 /* CategoriesViewController.swift */,
				491094D01B0D1BA300B07016 /* QuestionViewController.swift */,
				498A39681AFF84D100726542 /* AboutViewController.swift */,
				495A24581AFE10E9003731E9 /* Controller */,
				495A24571AFE10E0003731E9 /* Model */,
				495A243B1AFE0CE4003731E9 /* Main.storyboard */,
				495A243E1AFE0CE4003731E9 /* Images.xcassets */,
				495A24331AFE0CE4003731E9 /* Supporting Files */,
			);
			path = "SuggestMe-iOS";
			sourceTree = "<group>";
		};
		495A24331AFE0CE4003731E9 /* Supporting Files */ = {
			isa = PBXGroup;
			children = (
				495A24341AFE0CE4003731E9 /* Info.plist */,
			);
			name = "Supporting Files";
			sourceTree = "<group>";
		};
		495A24571AFE10E0003731E9 /* Model */ = {
			isa = PBXGroup;
			children = (
				495A24591AFE11FD003731E9 /* User.swift */,
				495A245B1AFE271D003731E9 /* UserData.swift */,
				495A24611AFE497A003731E9 /* Category.swift */,
				495572D91B05310600EAD377 /* SubCategory.swift */,
				495A245D1AFE3CF6003731E9 /* Question.swift */,
				49C92EBA1B08A0F600213623 /* QuestionData.swift */,
				49C92EBC1B08B23E00213623 /* Suggest.swift */,
			);
			name = Model;
			sourceTree = "<group>";
		};
		495A24581AFE10E9003731E9 /* Controller */ = {
			isa = PBXGroup;
			children = (
				495A24631AFE54D9003731E9 /* CommunicationHandler.swift */,
				498A39661AFE90FD00726542 /* Utility.swift */,
			);
			name = Controller;
			sourceTree = "<group>";
		};
/* End PBXGroup section */

/* Begin PBXNativeTarget section */
		495A242F1AFE0CE4003731E9 /* SuggestMe-iOS */ = {
			isa = PBXNativeTarget;
			buildConfigurationList = 495A24511AFE0CE4003731E9 /* Build configuration list for PBXNativeTarget "SuggestMe-iOS" */;
			buildPhases = (
				495A242C1AFE0CE4003731E9 /* Sources */,
				495A242D1AFE0CE4003731E9 /* Frameworks */,
				495A242E1AFE0CE4003731E9 /* Resources */,
			);
			buildRules = (
			);
			dependencies = (
			);
			name = "SuggestMe-iOS";
			productName = "SuggestMe-iOS";
			productReference = 495A24301AFE0CE4003731E9 /* SuggestMe-iOS.app */;
			productType = "com.apple.product-type.application";
		};
/* End PBXNativeTarget section */

/* Begin PBXProject section */
		495A24281AFE0CE4003731E9 /* Project object */ = {
			isa = PBXProject;
			attributes = {
				LastUpgradeCheck = 0630;
				ORGANIZATIONNAME = Mattia;
				TargetAttributes = {
					495A242F1AFE0CE4003731E9 = {
						CreatedOnToolsVersion = 6.3.1;
					};
				};
			};
			buildConfigurationList = 495A242B1AFE0CE4003731E9 /* Build configuration list for PBXProject "SuggestMe-iOS" */;
			compatibilityVersion = "Xcode 3.2";
			developmentRegion = English;
			hasScannedForEncodings = 0;
			knownRegions = (
				en,
				Base,
			);
			mainGroup = 495A24271AFE0CE4003731E9;
			productRefGroup = 495A24311AFE0CE4003731E9 /* Products */;
			projectDirPath = "";
			projectRoot = "";
			targets = (
				495A242F1AFE0CE4003731E9 /* SuggestMe-iOS */,
			);
		};
/* End PBXProject section */

/* Begin PBXResourcesBuildPhase section */
		495A242E1AFE0CE4003731E9 /* Resources */ = {
			isa = PBXResourcesBuildPhase;
			buildActionMask = 2147483647;
			files = (
				495A243D1AFE0CE4003731E9 /* Main.storyboard in Resources */,
				495A243F1AFE0CE4003731E9 /* Images.xcassets in Resources */,
			);
			runOnlyForDeploymentPostprocessing = 0;
		};
/* End PBXResourcesBuildPhase section */

/* Begin PBXSourcesBuildPhase section */
		495A242C1AFE0CE4003731E9 /* Sources */ = {
			isa = PBXSourcesBuildPhase;
			buildActionMask = 2147483647;
			files = (
				491094CF1B0D19C100B07016 /* LoginViewController.swift in Sources */,
				495A245C1AFE271D003731E9 /* UserData.swift in Sources */,
				499485BC1B1B2C5A0060AFD5 /* QuestionsViewController.swift in Sources */,
				495A24641AFE54D9003731E9 /* CommunicationHandler.swift in Sources */,
				498A39691AFF84D100726542 /* AboutViewController.swift in Sources */,
				49C92EBD1B08B23E00213623 /* Suggest.swift in Sources */,
				49C92EBB1B08A0F600213623 /* QuestionData.swift in Sources */,
				499EC5BB1B1EC62900DA6B5C /* QuestionCell.swift in Sources */,
				498A39671AFE90FD00726542 /* Utility.swift in Sources */,
				495A245A1AFE11FD003731E9 /* User.swift in Sources */,
				495A24621AFE497A003731E9 /* Category.swift in Sources */,
				495A243A1AFE0CE4003731E9 /* CategoriesViewController.swift in Sources */,
				491094D31B0D1DDC00B07016 /* TutorialViewController.swift in Sources */,
				495572DA1B05310600EAD377 /* SubCategory.swift in Sources */,
				491094D11B0D1BA300B07016 /* QuestionViewController.swift in Sources */,
				495A24361AFE0CE4003731E9 /* AppDelegate.swift in Sources */,
				495A245E1AFE3CF6003731E9 /* Question.swift in Sources */,
			);
			runOnlyForDeploymentPostprocessing = 0;
		};
/* End PBXSourcesBuildPhase section */

/* Begin PBXVariantGroup section */
		495A243B1AFE0CE4003731E9 /* Main.storyboard */ = {
			isa = PBXVariantGroup;
			children = (
				495A243C1AFE0CE4003731E9 /* Base */,
			);
			name = Main.storyboard;
			sourceTree = "<group>";
		};
/* End PBXVariantGroup section */

/* Begin XCBuildConfiguration section */
		495A244F1AFE0CE4003731E9 /* Debug */ = {
			isa = XCBuildConfiguration;
			buildSettings = {
				ALWAYS_SEARCH_USER_PATHS = NO;
				CLANG_CXX_LANGUAGE_STANDARD = "gnu++0x";
				CLANG_CXX_LIBRARY = "libc++";
				CLANG_ENABLE_MODULES = YES;
				CLANG_ENABLE_OBJC_ARC = YES;
				CLANG_WARN_BOOL_CONVERSION = YES;
				CLANG_WARN_CONSTANT_CONVERSION = YES;
				CLANG_WARN_DIRECT_OBJC_ISA_USAGE = YES_ERROR;
				CLANG_WARN_EMPTY_BODY = YES;
				CLANG_WARN_ENUM_CONVERSION = YES;
				CLANG_WARN_INT_CONVERSION = YES;
				CLANG_WARN_OBJC_ROOT_CLASS = YES_ERROR;
				CLANG_WARN_UNREACHABLE_CODE = YES;
				CLANG_WARN__DUPLICATE_METHOD_MATCH = YES;
				"CODE_SIGN_IDENTITY[sdk=iphoneos*]" = "iPhone Developer";
				COPY_PHASE_STRIP = NO;
				DEBUG_INFORMATION_FORMAT = "dwarf-with-dsym";
				ENABLE_STRICT_OBJC_MSGSEND = YES;
				GCC_C_LANGUAGE_STANDARD = gnu99;
				GCC_DYNAMIC_NO_PIC = NO;
				GCC_NO_COMMON_BLOCKS = YES;
				GCC_OPTIMIZATION_LEVEL = 0;
				GCC_PREPROCESSOR_DEFINITIONS = (
					"DEBUG=1",
					"$(inherited)",
				);
				GCC_SYMBOLS_PRIVATE_EXTERN = NO;
				GCC_WARN_64_TO_32_BIT_CONVERSION = YES;
				GCC_WARN_ABOUT_RETURN_TYPE = YES_ERROR;
				GCC_WARN_UNDECLARED_SELECTOR = YES;
				GCC_WARN_UNINITIALIZED_AUTOS = YES_AGGRESSIVE;
				GCC_WARN_UNUSED_FUNCTION = YES;
				GCC_WARN_UNUSED_VARIABLE = YES;
				IPHONEOS_DEPLOYMENT_TARGET = 7.0;
				MTL_ENABLE_DEBUG_INFO = YES;
				ONLY_ACTIVE_ARCH = YES;
				SDKROOT = iphoneos;
				SWIFT_OPTIMIZATION_LEVEL = "-Onone";
			};
			name = Debug;
		};
		495A24501AFE0CE4003731E9 /* Release */ = {
			isa = XCBuildConfiguration;
			buildSettings = {
				ALWAYS_SEARCH_USER_PATHS = NO;
				CLANG_CXX_LANGUAGE_STANDARD = "gnu++0x";
				CLANG_CXX_LIBRARY = "libc++";
				CLANG_ENABLE_MODULES = YES;
				CLANG_ENABLE_OBJC_ARC = YES;
				CLANG_WARN_BOOL_CONVERSION = YES;
				CLANG_WARN_CONSTANT_CONVERSION = YES;
				CLANG_WARN_DIRECT_OBJC_ISA_USAGE = YES_ERROR;
				CLANG_WARN_EMPTY_BODY = YES;
				CLANG_WARN_ENUM_CONVERSION = YES;
				CLANG_WARN_INT_CONVERSION = YES;
				CLANG_WARN_OBJC_ROOT_CLASS = YES_ERROR;
				CLANG_WARN_UNREACHABLE_CODE = YES;
				CLANG_WARN__DUPLICATE_METHOD_MATCH = YES;
				"CODE_SIGN_IDENTITY[sdk=iphoneos*]" = "iPhone Developer";
				COPY_PHASE_STRIP = NO;
				DEBUG_INFORMATION_FORMAT = "dwarf-with-dsym";
				ENABLE_NS_ASSERTIONS = NO;
				ENABLE_STRICT_OBJC_MSGSEND = YES;
				GCC_C_LANGUAGE_STANDARD = gnu99;
				GCC_NO_COMMON_BLOCKS = YES;
				GCC_WARN_64_TO_32_BIT_CONVERSION = YES;
				GCC_WARN_ABOUT_RETURN_TYPE = YES_ERROR;
				GCC_WARN_UNDECLARED_SELECTOR = YES;
				GCC_WARN_UNINITIALIZED_AUTOS = YES_AGGRESSIVE;
				GCC_WARN_UNUSED_FUNCTION = YES;
				GCC_WARN_UNUSED_VARIABLE = YES;
				IPHONEOS_DEPLOYMENT_TARGET = 7.0;
				MTL_ENABLE_DEBUG_INFO = NO;
				SDKROOT = iphoneos;
				VALIDATE_PRODUCT = YES;
			};
			name = Release;
		};
		495A24521AFE0CE4003731E9 /* Debug */ = {
			isa = XCBuildConfiguration;
			buildSettings = {
				ASSETCATALOG_COMPILER_APPICON_NAME = AppIcon;
				ASSETCATALOG_COMPILER_LAUNCHIMAGE_NAME = LaunchImage;
				CODE_SIGN_IDENTITY = "iPhone Developer";
				INFOPLIST_FILE = "SuggestMe-iOS/Info.plist";
				LD_RUNPATH_SEARCH_PATHS = "$(inherited) @executable_path/Frameworks";
				PRODUCT_NAME = "$(TARGET_NAME)";
			};
			name = Debug;
		};
		495A24531AFE0CE4003731E9 /* Release */ = {
			isa = XCBuildConfiguration;
			buildSettings = {
				ASSETCATALOG_COMPILER_APPICON_NAME = AppIcon;
				ASSETCATALOG_COMPILER_LAUNCHIMAGE_NAME = LaunchImage;
				CODE_SIGN_IDENTITY = "iPhone Developer";
				INFOPLIST_FILE = "SuggestMe-iOS/Info.plist";
				LD_RUNPATH_SEARCH_PATHS = "$(inherited) @executable_path/Frameworks";
				PRODUCT_NAME = "$(TARGET_NAME)";
			};
			name = Release;
		};
/* End XCBuildConfiguration section */

/* Begin XCConfigurationList section */
		495A242B1AFE0CE4003731E9 /* Build configuration list for PBXProject "SuggestMe-iOS" */ = {
			isa = XCConfigurationList;
			buildConfigurations = (
				495A244F1AFE0CE4003731E9 /* Debug */,
				495A24501AFE0CE4003731E9 /* Release */,
			);
			defaultConfigurationIsVisible = 0;
			defaultConfigurationName = Release;
		};
		495A24511AFE0CE4003731E9 /* Build configuration list for PBXNativeTarget "SuggestMe-iOS" */ = {
			isa = XCConfigurationList;
			buildConfigurations = (
				495A24521AFE0CE4003731E9 /* Debug */,
				495A24531AFE0CE4003731E9 /* Release */,
			);
			defaultConfigurationIsVisible = 0;
			defaultConfigurationName = Release;
		};
/* End XCConfigurationList section */
	};
	rootObject = 495A24281AFE0CE4003731E9 /* Project object */;
}
